# THIS IS AN AUTOGENERATED FILE. DO NOT EDIT THIS FILE DIRECTLY.
# yarn lockfile v1


uuid@^7.0.2:
  version "7.0.2"
  resolved "https://registry.yarnpkg.com/uuid/-/uuid-7.0.2.tgz#7ff5c203467e91f5e0d85cfcbaaf7d2ebbca9be6"
  integrity sha512-vy9V/+pKG+5ZTYKf+VcphF5Oc6EFiu3W8Nv3P3zIh0EqVI80ZxOzuPfe9EHjkFNvf8+xuTHVeei4Drydlx4zjw==
